// !$*UTF8*$!
{
	archiveVersion = 1;
	classes = {
	};
	objectVersion = 56;
	objects = {

/* Begin PBXBuildFile section */
		1A0E151E2A1C7D6F002A0C22 /* AppDelegate.swift in Sources */ = {isa = PBXBuildFile; fileRef = 1A0E151D2A1C7D6F002A0C22 /* AppDelegate.swift */; };
		1A0E15202A1C7D6F002A0C22 /* SceneDelegate.swift in Sources */ = {isa = PBXBuildFile; fileRef = 1A0E151F2A1C7D6F002A0C22 /* SceneDelegate.swift */; };
		1A0E15222A1C7D6F002A0C22 /* HomeViewController.swift in Sources */ = {isa = PBXBuildFile; fileRef = 1A0E15212A1C7D6F002A0C22 /* HomeViewController.swift */; };
		1A0E15252A1C7D6F002A0C22 /* Main.storyboard in Resources */ = {isa = PBXBuildFile; fileRef = 1A0E15232A1C7D6F002A0C22 /* Main.storyboard */; };
		1A0E15272A1C7D71002A0C22 /* Assets.xcassets in Resources */ = {isa = PBXBuildFile; fileRef = 1A0E15262A1C7D71002A0C22 /* Assets.xcassets */; };
		1A0E152A2A1C7D71002A0C22 /* LaunchScreen.storyboard in Resources */ = {isa = PBXBuildFile; fileRef = 1A0E15282A1C7D71002A0C22 /* LaunchScreen.storyboard */; };
		1A0E15352A1C8522002A0C22 /* CustomCollectionViewCell.swift in Sources */ = {isa = PBXBuildFile; fileRef = 1A0E15342A1C8522002A0C22 /* CustomCollectionViewCell.swift */; };
		1A0E15372A1C8560002A0C22 /* HeaderCollectionReusableView.swift in Sources */ = {isa = PBXBuildFile; fileRef = 1A0E15362A1C8560002A0C22 /* HeaderCollectionReusableView.swift */; };
		1A0E15392A1C85AB002A0C22 /* FooterCollectionReusableView.swift in Sources */ = {isa = PBXBuildFile; fileRef = 1A0E15382A1C85AB002A0C22 /* FooterCollectionReusableView.swift */; };
		1A2601C22A28932A00F0D710 /* OTPViewController.swift in Sources */ = {isa = PBXBuildFile; fileRef = 1A2601C12A28932A00F0D710 /* OTPViewController.swift */; };
		1A2601C42A28B94800F0D710 /* SplashScreenViewController.swift in Sources */ = {isa = PBXBuildFile; fileRef = 1A2601C32A28B94800F0D710 /* SplashScreenViewController.swift */; };
		1A4CAA892A1F27F100B40D0B /* LiveTvViewController.swift in Sources */ = {isa = PBXBuildFile; fileRef = 1A4CAA882A1F27F100B40D0B /* LiveTvViewController.swift */; };
		1A4CAA8B2A1F282F00B40D0B /* OriginalsViewController.swift in Sources */ = {isa = PBXBuildFile; fileRef = 1A4CAA8A2A1F282F00B40D0B /* OriginalsViewController.swift */; };
		1A4CAA8D2A1F284700B40D0B /* MyListViewController.swift in Sources */ = {isa = PBXBuildFile; fileRef = 1A4CAA8C2A1F284700B40D0B /* MyListViewController.swift */; };
		1A4CAA8F2A1F285C00B40D0B /* ProfileViewController.swift in Sources */ = {isa = PBXBuildFile; fileRef = 1A4CAA8E2A1F285C00B40D0B /* ProfileViewController.swift */; };
		1A84C07A2A2C60B500070B30 /* Extension.swift in Sources */ = {isa = PBXBuildFile; fileRef = 1A84C0792A2C60B500070B30 /* Extension.swift */; };
		1AB207882A246CB000E5026C /* ActionViewController.swift in Sources */ = {isa = PBXBuildFile; fileRef = 1AB207872A246CB000E5026C /* ActionViewController.swift */; };
		1AB207AA2A24C10900E5026C /* SignUpViewController.swift in Sources */ = {isa = PBXBuildFile; fileRef = 1AB207A92A24C10900E5026C /* SignUpViewController.swift */; };
		1ABDB4E42A21D6BC00946656 /* CustomActionTableViewCell.swift in Sources */ = {isa = PBXBuildFile; fileRef = 1ABDB4E22A21D6BC00946656 /* CustomActionTableViewCell.swift */; };
		1ABDB4E52A21D6BC00946656 /* CustomActionTableViewCell.xib in Resources */ = {isa = PBXBuildFile; fileRef = 1ABDB4E32A21D6BC00946656 /* CustomActionTableViewCell.xib */; };
/* End PBXBuildFile section */

/* Begin PBXFileReference section */
		1A0E151A2A1C7D6F002A0C22 /* Binge Clone.app */ = {isa = PBXFileReference; explicitFileType = wrapper.application; includeInIndex = 0; path = "Binge Clone.app"; sourceTree = BUILT_PRODUCTS_DIR; };
		1A0E151D2A1C7D6F002A0C22 /* AppDelegate.swift */ = {isa = PBXFileReference; lastKnownFileType = sourcecode.swift; path = AppDelegate.swift; sourceTree = "<group>"; };
		1A0E151F2A1C7D6F002A0C22 /* SceneDelegate.swift */ = {isa = PBXFileReference; lastKnownFileType = sourcecode.swift; path = SceneDelegate.swift; sourceTree = "<group>"; };
		1A0E15212A1C7D6F002A0C22 /* HomeViewController.swift */ = {isa = PBXFileReference; lastKnownFileType = sourcecode.swift; path = HomeViewController.swift; sourceTree = "<group>"; };
		1A0E15242A1C7D6F002A0C22 /* Base */ = {isa = PBXFileReference; lastKnownFileType = file.storyboard; name = Base; path = Base.lproj/Main.storyboard; sourceTree = "<group>"; };
		1A0E15262A1C7D71002A0C22 /* Assets.xcassets */ = {isa = PBXFileReference; lastKnownFileType = folder.assetcatalog; path = Assets.xcassets; sourceTree = "<group>"; };
		1A0E15292A1C7D71002A0C22 /* Base */ = {isa = PBXFileReference; lastKnownFileType = file.storyboard; name = Base; path = Base.lproj/LaunchScreen.storyboard; sourceTree = "<group>"; };
		1A0E152B2A1C7D71002A0C22 /* Info.plist */ = {isa = PBXFileReference; lastKnownFileType = text.plist.xml; path = Info.plist; sourceTree = "<group>"; };
		1A0E15342A1C8522002A0C22 /* CustomCollectionViewCell.swift */ = {isa = PBXFileReference; lastKnownFileType = sourcecode.swift; path = CustomCollectionViewCell.swift; sourceTree = "<group>"; };
		1A0E15362A1C8560002A0C22 /* HeaderCollectionReusableView.swift */ = {isa = PBXFileReference; lastKnownFileType = sourcecode.swift; path = HeaderCollectionReusableView.swift; sourceTree = "<group>"; };
		1A0E15382A1C85AB002A0C22 /* FooterCollectionReusableView.swift */ = {isa = PBXFileReference; lastKnownFileType = sourcecode.swift; path = FooterCollectionReusableView.swift; sourceTree = "<group>"; };
		1A2601C12A28932A00F0D710 /* OTPViewController.swift */ = {isa = PBXFileReference; lastKnownFileType = sourcecode.swift; path = OTPViewController.swift; sourceTree = "<group>"; };
		1A2601C32A28B94800F0D710 /* SplashScreenViewController.swift */ = {isa = PBXFileReference; lastKnownFileType = sourcecode.swift; path = SplashScreenViewController.swift; sourceTree = "<group>"; };
		1A4CAA882A1F27F100B40D0B /* LiveTvViewController.swift */ = {isa = PBXFileReference; lastKnownFileType = sourcecode.swift; path = LiveTvViewController.swift; sourceTree = "<group>"; };
		1A4CAA8A2A1F282F00B40D0B /* OriginalsViewController.swift */ = {isa = PBXFileReference; lastKnownFileType = sourcecode.swift; path = OriginalsViewController.swift; sourceTree = "<group>"; };
		1A4CAA8C2A1F284700B40D0B /* MyListViewController.swift */ = {isa = PBXFileReference; lastKnownFileType = sourcecode.swift; path = MyListViewController.swift; sourceTree = "<group>"; };
		1A4CAA8E2A1F285C00B40D0B /* ProfileViewController.swift */ = {isa = PBXFileReference; lastKnownFileType = sourcecode.swift; path = ProfileViewController.swift; sourceTree = "<group>"; };
		1A6A96182A2DC8FD00A894DD /* Binge Clone.entitlements */ = {isa = PBXFileReference; fileEncoding = 4; lastKnownFileType = text.plist.entitlements; name = "Binge Clone.entitlements"; path = "../../../Binge Clone.entitlements"; sourceTree = "<group>"; };
		1A84C0792A2C60B500070B30 /* Extension.swift */ = {isa = PBXFileReference; lastKnownFileType = sourcecode.swift; path = Extension.swift; sourceTree = "<group>"; };
		1AB207872A246CB000E5026C /* ActionViewController.swift */ = {isa = PBXFileReference; lastKnownFileType = sourcecode.swift; path = ActionViewController.swift; sourceTree = "<group>"; };
		1AB207A92A24C10900E5026C /* SignUpViewController.swift */ = {isa = PBXFileReference; lastKnownFileType = sourcecode.swift; path = SignUpViewController.swift; sourceTree = "<group>"; };
		1ABDB4E22A21D6BC00946656 /* CustomActionTableViewCell.swift */ = {isa = PBXFileReference; lastKnownFileType = sourcecode.swift; path = CustomActionTableViewCell.swift; sourceTree = "<group>"; };
		1ABDB4E32A21D6BC00946656 /* CustomActionTableViewCell.xib */ = {isa = PBXFileReference; lastKnownFileType = file.xib; path = CustomActionTableViewCell.xib; sourceTree = "<group>"; };
/* End PBXFileReference section */

/* Begin PBXFrameworksBuildPhase section */
		1A0E15172A1C7D6F002A0C22 /* Frameworks */ = {
			isa = PBXFrameworksBuildPhase;
			buildActionMask = 2147483647;
			files = (
			);
			runOnlyForDeploymentPostprocessing = 0;
		};
/* End PBXFrameworksBuildPhase section */

/* Begin PBXGroup section */
		1A0E15112A1C7D6F002A0C22 = {
			isa = PBXGroup;
			children = (
				1A0E151C2A1C7D6F002A0C22 /* Binge Clone */,
				1A0E151B2A1C7D6F002A0C22 /* Products */,
			);
			sourceTree = "<group>";
		};
		1A0E151B2A1C7D6F002A0C22 /* Products */ = {
			isa = PBXGroup;
			children = (
				1A0E151A2A1C7D6F002A0C22 /* Binge Clone.app */,
			);
			name = Products;
			sourceTree = "<group>";
		};
		1A0E151C2A1C7D6F002A0C22 /* Binge Clone */ = {
			isa = PBXGroup;
			children = (
				1A6A96182A2DC8FD00A894DD /* Binge Clone.entitlements */,
				1A0E151D2A1C7D6F002A0C22 /* AppDelegate.swift */,
				1A0E151F2A1C7D6F002A0C22 /* SceneDelegate.swift */,
				1A0E15322A1C841A002A0C22 /* Model */,
				1A0E15332A1C842E002A0C22 /* View */,
				1A0E15312A1C8406002A0C22 /* Controller */,
				1A84C0782A2C607800070B30 /* Extension */,
				1A0E15232A1C7D6F002A0C22 /* Main.storyboard */,
				1A0E15262A1C7D71002A0C22 /* Assets.xcassets */,
				1A0E15282A1C7D71002A0C22 /* LaunchScreen.storyboard */,
				1A0E152B2A1C7D71002A0C22 /* Info.plist */,
			);
			path = "Binge Clone";
			sourceTree = "<group>";
		};
		1A0E15312A1C8406002A0C22 /* Controller */ = {
			isa = PBXGroup;
			children = (
				1A0E15212A1C7D6F002A0C22 /* HomeViewController.swift */,
				1A4CAA882A1F27F100B40D0B /* LiveTvViewController.swift */,
				1A4CAA8A2A1F282F00B40D0B /* OriginalsViewController.swift */,
				1A4CAA8C2A1F284700B40D0B /* MyListViewController.swift */,
				1A4CAA8E2A1F285C00B40D0B /* ProfileViewController.swift */,
				1AB207872A246CB000E5026C /* ActionViewController.swift */,
				1AB207A92A24C10900E5026C /* SignUpViewController.swift */,
				1A2601C12A28932A00F0D710 /* OTPViewController.swift */,
				1A2601C32A28B94800F0D710 /* SplashScreenViewController.swift */,
			);
			path = Controller;
			sourceTree = "<group>";
		};
		1A0E15322A1C841A002A0C22 /* Model */ = {
			isa = PBXGroup;
			children = (
			);
			path = Model;
			sourceTree = "<group>";
		};
		1A0E15332A1C842E002A0C22 /* View */ = {
			isa = PBXGroup;
			children = (
				1A0E15342A1C8522002A0C22 /* CustomCollectionViewCell.swift */,
				1A0E15362A1C8560002A0C22 /* HeaderCollectionReusableView.swift */,
				1A0E15382A1C85AB002A0C22 /* FooterCollectionReusableView.swift */,
				1ABDB4E22A21D6BC00946656 /* CustomActionTableViewCell.swift */,
				1ABDB4E32A21D6BC00946656 /* CustomActionTableViewCell.xib */,
			);
			path = View;
			sourceTree = "<group>";
		};
		1A84C0782A2C607800070B30 /* Extension */ = {
			isa = PBXGroup;
			children = (
				1A84C0792A2C60B500070B30 /* Extension.swift */,
			);
			path = Extension;
			sourceTree = "<group>";
		};
/* End PBXGroup section */

/* Begin PBXNativeTarget section */
		1A0E15192A1C7D6F002A0C22 /* Binge Clone */ = {
			isa = PBXNativeTarget;
			buildConfigurationList = 1A0E152E2A1C7D71002A0C22 /* Build configuration list for PBXNativeTarget "Binge Clone" */;
			buildPhases = (
				1A0E15162A1C7D6F002A0C22 /* Sources */,
				1A0E15172A1C7D6F002A0C22 /* Frameworks */,
				1A0E15182A1C7D6F002A0C22 /* Resources */,
			);
			buildRules = (
			);
			dependencies = (
			);
			name = "Binge Clone";
			productName = "Binge Clone";
			productReference = 1A0E151A2A1C7D6F002A0C22 /* Binge Clone.app */;
			productType = "com.apple.product-type.application";
		};
/* End PBXNativeTarget section */

/* Begin PBXProject section */
		1A0E15122A1C7D6F002A0C22 /* Project object */ = {
			isa = PBXProject;
			attributes = {
				BuildIndependentTargetsInParallel = 1;
				LastSwiftUpdateCheck = 1420;
				LastUpgradeCheck = 1420;
				TargetAttributes = {
					1A0E15192A1C7D6F002A0C22 = {
						CreatedOnToolsVersion = 14.2;
					};
				};
			};
			buildConfigurationList = 1A0E15152A1C7D6F002A0C22 /* Build configuration list for PBXProject "Binge Clone" */;
			compatibilityVersion = "Xcode 14.0";
			developmentRegion = en;
			hasScannedForEncodings = 0;
			knownRegions = (
				en,
				Base,
			);
			mainGroup = 1A0E15112A1C7D6F002A0C22;
			productRefGroup = 1A0E151B2A1C7D6F002A0C22 /* Products */;
			projectDirPath = "";
			projectRoot = "";
			targets = (
				1A0E15192A1C7D6F002A0C22 /* Binge Clone */,
			);
		};
/* End PBXProject section */

/* Begin PBXResourcesBuildPhase section */
		1A0E15182A1C7D6F002A0C22 /* Resources */ = {
			isa = PBXResourcesBuildPhase;
			buildActionMask = 2147483647;
			files = (
				1A0E152A2A1C7D71002A0C22 /* LaunchScreen.storyboard in Resources */,
				1A0E15272A1C7D71002A0C22 /* Assets.xcassets in Resources */,
				1ABDB4E52A21D6BC00946656 /* CustomActionTableViewCell.xib in Resources */,
				1A0E15252A1C7D6F002A0C22 /* Main.storyboard in Resources */,
			);
			runOnlyForDeploymentPostprocessing = 0;
		};
/* End PBXResourcesBuildPhase section */

/* Begin PBXSourcesBuildPhase section */
		1A0E15162A1C7D6F002A0C22 /* Sources */ = {
			isa = PBXSourcesBuildPhase;
			buildActionMask = 2147483647;
			files = (
				1A4CAA8D2A1F284700B40D0B /* MyListViewController.swift in Sources */,
				1ABDB4E42A21D6BC00946656 /* CustomActionTableViewCell.swift in Sources */,
				1AB207882A246CB000E5026C /* ActionViewController.swift in Sources */,
				1A0E15222A1C7D6F002A0C22 /* HomeViewController.swift in Sources */,
				1A4CAA8F2A1F285C00B40D0B /* ProfileViewController.swift in Sources */,
				1A4CAA892A1F27F100B40D0B /* LiveTvViewController.swift in Sources */,
				1A0E151E2A1C7D6F002A0C22 /* AppDelegate.swift in Sources */,
				1A84C07A2A2C60B500070B30 /* Extension.swift in Sources */,
				1A0E15202A1C7D6F002A0C22 /* SceneDelegate.swift in Sources */,
				1A2601C42A28B94800F0D710 /* SplashScreenViewController.swift in Sources */,
				1A0E15372A1C8560002A0C22 /* HeaderCollectionReusableView.swift in Sources */,
				1A0E15392A1C85AB002A0C22 /* FooterCollectionReusableView.swift in Sources */,
				1A0E15352A1C8522002A0C22 /* CustomCollectionViewCell.swift in Sources */,
				1AB207AA2A24C10900E5026C /* SignUpViewController.swift in Sources */,
				1A2601C22A28932A00F0D710 /* OTPViewController.swift in Sources */,
				1A4CAA8B2A1F282F00B40D0B /* OriginalsViewController.swift in Sources */,
			);
			runOnlyForDeploymentPostprocessing = 0;
		};
/* End PBXSourcesBuildPhase section */

/* Begin PBXVariantGroup section */
		1A0E15232A1C7D6F002A0C22 /* Main.storyboard */ = {
			isa = PBXVariantGroup;
			children = (
				1A0E15242A1C7D6F002A0C22 /* Base */,
			);
			name = Main.storyboard;
			sourceTree = "<group>";
		};
		1A0E15282A1C7D71002A0C22 /* LaunchScreen.storyboard */ = {
			isa = PBXVariantGroup;
			children = (
				1A0E15292A1C7D71002A0C22 /* Base */,
			);
			name = LaunchScreen.storyboard;
			sourceTree = "<group>";
		};
/* End PBXVariantGroup section */

/* Begin XCBuildConfiguration section */
		1A0E152C2A1C7D71002A0C22 /* Debug */ = {
			isa = XCBuildConfiguration;
			buildSettings = {
				ALWAYS_SEARCH_USER_PATHS = NO;
				CLANG_ANALYZER_NONNULL = YES;
				CLANG_ANALYZER_NUMBER_OBJECT_CONVERSION = YES_AGGRESSIVE;
				CLANG_CXX_LANGUAGE_STANDARD = "gnu++20";
				CLANG_ENABLE_MODULES = YES;
				CLANG_ENABLE_OBJC_ARC = YES;
				CLANG_ENABLE_OBJC_WEAK = YES;
				CLANG_WARN_BLOCK_CAPTURE_AUTORELEASING = YES;
				CLANG_WARN_BOOL_CONVERSION = YES;
				CLANG_WARN_COMMA = YES;
				CLANG_WARN_CONSTANT_CONVERSION = YES;
				CLANG_WARN_DEPRECATED_OBJC_IMPLEMENTATIONS = YES;
				CLANG_WARN_DIRECT_OBJC_ISA_USAGE = YES_ERROR;
				CLANG_WARN_DOCUMENTATION_COMMENTS = YES;
				CLANG_WARN_EMPTY_BODY = YES;
				CLANG_WARN_ENUM_CONVERSION = YES;
				CLANG_WARN_INFINITE_RECURSION = YES;
				CLANG_WARN_INT_CONVERSION = YES;
				CLANG_WARN_NON_LITERAL_NULL_CONVERSION = YES;
				CLANG_WARN_OBJC_IMPLICIT_RETAIN_SELF = YES;
				CLANG_WARN_OBJC_LITERAL_CONVERSION = YES;
				CLANG_WARN_OBJC_ROOT_CLASS = YES_ERROR;
				CLANG_WARN_QUOTED_INCLUDE_IN_FRAMEWORK_HEADER = YES;
				CLANG_WARN_RANGE_LOOP_ANALYSIS = YES;
				CLANG_WARN_STRICT_PROTOTYPES = YES;
				CLANG_WARN_SUSPICIOUS_MOVE = YES;
				CLANG_WARN_UNGUARDED_AVAILABILITY = YES_AGGRESSIVE;
				CLANG_WARN_UNREACHABLE_CODE = YES;
				CLANG_WARN__DUPLICATE_METHOD_MATCH = YES;
				COPY_PHASE_STRIP = NO;
				DEBUG_INFORMATION_FORMAT = dwarf;
				ENABLE_STRICT_OBJC_MSGSEND = YES;
				ENABLE_TESTABILITY = YES;
				GCC_C_LANGUAGE_STANDARD = gnu11;
				GCC_DYNAMIC_NO_PIC = NO;
				GCC_NO_COMMON_BLOCKS = YES;
				GCC_OPTIMIZATION_LEVEL = 0;
				GCC_PREPROCESSOR_DEFINITIONS = (
					"DEBUG=1",
					"$(inherited)",
				);
				GCC_WARN_64_TO_32_BIT_CONVERSION = YES;
				GCC_WARN_ABOUT_RETURN_TYPE = YES_ERROR;
				GCC_WARN_UNDECLARED_SELECTOR = YES;
				GCC_WARN_UNINITIALIZED_AUTOS = YES_AGGRESSIVE;
				GCC_WARN_UNUSED_FUNCTION = YES;
				GCC_WARN_UNUSED_VARIABLE = YES;
				IPHONEOS_DEPLOYMENT_TARGET = 16.2;
				MTL_ENABLE_DEBUG_INFO = INCLUDE_SOURCE;
				MTL_FAST_MATH = YES;
				ONLY_ACTIVE_ARCH = YES;
				SDKROOT = iphoneos;
				SWIFT_ACTIVE_COMPILATION_CONDITIONS = DEBUG;
				SWIFT_OPTIMIZATION_LEVEL = "-Onone";
			};
			name = Debug;
		};
		1A0E152D2A1C7D71002A0C22 /* Release */ = {
			isa = XCBuildConfiguration;
			buildSettings = {
				ALWAYS_SEARCH_USER_PATHS = NO;
				CLANG_ANALYZER_NONNULL = YES;
				CLANG_ANALYZER_NUMBER_OBJECT_CONVERSION = YES_AGGRESSIVE;
				CLANG_CXX_LANGUAGE_STANDARD = "gnu++20";
				CLANG_ENABLE_MODULES = YES;
				CLANG_ENABLE_OBJC_ARC = YES;
				CLANG_ENABLE_OBJC_WEAK = YES;
				CLANG_WARN_BLOCK_CAPTURE_AUTORELEASING = YES;
				CLANG_WARN_BOOL_CONVERSION = YES;
				CLANG_WARN_COMMA = YES;
				CLANG_WARN_CONSTANT_CONVERSION = YES;
				CLANG_WARN_DEPRECATED_OBJC_IMPLEMENTATIONS = YES;
				CLANG_WARN_DIRECT_OBJC_ISA_USAGE = YES_ERROR;
				CLANG_WARN_DOCUMENTATION_COMMENTS = YES;
				CLANG_WARN_EMPTY_BODY = YES;
				CLANG_WARN_ENUM_CONVERSION = YES;
				CLANG_WARN_INFINITE_RECURSION = YES;
				CLANG_WARN_INT_CONVERSION = YES;
				CLANG_WARN_NON_LITERAL_NULL_CONVERSION = YES;
				CLANG_WARN_OBJC_IMPLICIT_RETAIN_SELF = YES;
				CLANG_WARN_OBJC_LITERAL_CONVERSION = YES;
				CLANG_WARN_OBJC_ROOT_CLASS = YES_ERROR;
				CLANG_WARN_QUOTED_INCLUDE_IN_FRAMEWORK_HEADER = YES;
				CLANG_WARN_RANGE_LOOP_ANALYSIS = YES;
				CLANG_WARN_STRICT_PROTOTYPES = YES;
				CLANG_WARN_SUSPICIOUS_MOVE = YES;
				CLANG_WARN_UNGUARDED_AVAILABILITY = YES_AGGRESSIVE;
				CLANG_WARN_UNREACHABLE_CODE = YES;
				CLANG_WARN__DUPLICATE_METHOD_MATCH = YES;
				COPY_PHASE_STRIP = NO;
				DEBUG_INFORMATION_FORMAT = "dwarf-with-dsym";
				ENABLE_NS_ASSERTIONS = NO;
				ENABLE_STRICT_OBJC_MSGSEND = YES;
				GCC_C_LANGUAGE_STANDARD = gnu11;
				GCC_NO_COMMON_BLOCKS = YES;
				GCC_WARN_64_TO_32_BIT_CONVERSION = YES;
				GCC_WARN_ABOUT_RETURN_TYPE = YES_ERROR;
				GCC_WARN_UNDECLARED_SELECTOR = YES;
				GCC_WARN_UNINITIALIZED_AUTOS = YES_AGGRESSIVE;
				GCC_WARN_UNUSED_FUNCTION = YES;
				GCC_WARN_UNUSED_VARIABLE = YES;
				IPHONEOS_DEPLOYMENT_TARGET = 16.2;
				MTL_ENABLE_DEBUG_INFO = NO;
				MTL_FAST_MATH = YES;
				SDKROOT = iphoneos;
				SWIFT_COMPILATION_MODE = wholemodule;
				SWIFT_OPTIMIZATION_LEVEL = "-O";
				VALIDATE_PRODUCT = YES;
			};
			name = Release;
		};
		1A0E152F2A1C7D71002A0C22 /* Debug */ = {
			isa = XCBuildConfiguration;
			buildSettings = {
				ASSETCATALOG_COMPILER_APPICON_NAME = AppIcon;
				ASSETCATALOG_COMPILER_GLOBAL_ACCENT_COLOR_NAME = AccentColor;
				CODE_SIGN_ENTITLEMENTS = "Binge Clone/Binge Clone.entitlements";
				CODE_SIGN_IDENTITY = "Apple Development";
				CODE_SIGN_STYLE = Automatic;
				CURRENT_PROJECT_VERSION = 1;
				DEVELOPMENT_TEAM = "";
				GENERATE_INFOPLIST_FILE = YES;
				INFOPLIST_FILE = "Binge Clone/Info.plist";
				INFOPLIST_KEY_UIApplicationSupportsIndirectInputEvents = YES;
				INFOPLIST_KEY_UILaunchStoryboardName = LaunchScreen.storyboard;
				INFOPLIST_KEY_UIMainStoryboardFile = Main;
				INFOPLIST_KEY_UISupportedInterfaceOrientations = UIInterfaceOrientationPortrait;
				INFOPLIST_KEY_UISupportedInterfaceOrientations_iPad = "UIInterfaceOrientationLandscapeLeft UIInterfaceOrientationLandscapeRight UIInterfaceOrientationPortrait UIInterfaceOrientationPortraitUpsideDown";
				LD_RUNPATH_SEARCH_PATHS = (
					"$(inherited)",
					"@executable_path/Frameworks",
				);
				MARKETING_VERSION = 1.0;
				PRODUCT_BUNDLE_IDENTIFIER = "com.sadi.Binge-Clone";
				PRODUCT_NAME = "$(TARGET_NAME)";
				PROVISIONING_PROFILE_SPECIFIER = "";
				SWIFT_EMIT_LOC_STRINGS = YES;
				SWIFT_VERSION = 5.0;
				TARGETED_DEVICE_FAMILY = "1,2";
			};
			name = Debug;
		};
		1A0E15302A1C7D71002A0C22 /* Release */ = {
			isa = XCBuildConfiguration;
			buildSettings = {
				ASSETCATALOG_COMPILER_APPICON_NAME = AppIcon;
				ASSETCATALOG_COMPILER_GLOBAL_ACCENT_COLOR_NAME = AccentColor;
				CODE_SIGN_ENTITLEMENTS = "Binge Clone/Binge Clone.entitlements";
				CODE_SIGN_IDENTITY = "Apple Development";
				CODE_SIGN_STYLE = Automatic;
				CURRENT_PROJECT_VERSION = 1;
				DEVELOPMENT_TEAM = "";
				GENERATE_INFOPLIST_FILE = YES;
				INFOPLIST_FILE = "Binge Clone/Info.plist";
				INFOPLIST_KEY_UIApplicationSupportsIndirectInputEvents = YES;
				INFOPLIST_KEY_UILaunchStoryboardName = LaunchScreen.storyboard;
				INFOPLIST_KEY_UIMainStoryboardFile = Main;
				INFOPLIST_KEY_UISupportedInterfaceOrientations = UIInterfaceOrientationPortrait;
				INFOPLIST_KEY_UISupportedInterfaceOrientations_iPad = "UIInterfaceOrientationLandscapeLeft UIInterfaceOrientationLandscapeRight UIInterfaceOrientationPortrait UIInterfaceOrientationPortraitUpsideDown";
				LD_RUNPATH_SEARCH_PATHS = (
					"$(inherited)",
					"@executable_path/Frameworks",
				);
				MARKETING_VERSION = 1.0;
				PRODUCT_BUNDLE_IDENTIFIER = "com.sadi.Binge-Clone";
				PRODUCT_NAME = "$(TARGET_NAME)";
				PROVISIONING_PROFILE_SPECIFIER = "";
				SWIFT_EMIT_LOC_STRINGS = YES;
				SWIFT_VERSION = 5.0;
				TARGETED_DEVICE_FAMILY = "1,2";
			};
			name = Release;
		};
/* End XCBuildConfiguration section */

/* Begin XCConfigurationList section */
		1A0E15152A1C7D6F002A0C22 /* Build configuration list for PBXProject "Binge Clone" */ = {
			isa = XCConfigurationList;
			buildConfigurations = (
				1A0E152C2A1C7D71002A0C22 /* Debug */,
				1A0E152D2A1C7D71002A0C22 /* Release */,
			);
			defaultConfigurationIsVisible = 0;
			defaultConfigurationName = Release;
		};
		1A0E152E2A1C7D71002A0C22 /* Build configuration list for PBXNativeTarget "Binge Clone" */ = {
			isa = XCConfigurationList;
			buildConfigurations = (
				1A0E152F2A1C7D71002A0C22 /* Debug */,
				1A0E15302A1C7D71002A0C22 /* Release */,
			);
			defaultConfigurationIsVisible = 0;
			defaultConfigurationName = Release;
		};
/* End XCConfigurationList section */
	};
	rootObject = 1A0E15122A1C7D6F002A0C22 /* Project object */;
}
